
Microsoft Visual Studio Solution File, Format Version 12.00
# Visual Studio Version 17
VisualStudioVersion = 17.0.32112.339
MinimumVisualStudioVersion = 10.0.40219.1
Project("{FAE04EC0-301F-11D3-BF4B-00C04F79EFBC}") = "AbbyWeb", "AbbyWeb\AbbyWeb.csproj", "{4D7F3511-36D5-4AEB-AF5A-3EBF294EDBDD}"
EndProject
Global
	GlobalSection(SolutionConfigurationPlatforms) = preSolution
		Debug|Any CPU = Debug|Any CPU
		Release|Any CPU = Release|Any CPU
	EndGlobalSection
	GlobalSection(ProjectConfigurationPlatforms) = postSolution
		{4D7F3511-36D5-4AEB-AF5A-3EBF294EDBDD}.Debug|Any CPU.ActiveCfg = Debug|Any CPU
		{4D7F3511-36D5-4AEB-AF5A-3EBF294EDBDD}.Debug|Any CPU.Build.0 = Debug|Any CPU
		{4D7F3511-36D5-4AEB-AF5A-3EBF294EDBDD}.Release|Any CPU.ActiveCfg = Release|Any CPU
		{4D7F3511-36D5-4AEB-AF5A-3EBF294EDBDD}.Release|Any CPU.Build.0 = Release|Any CPU
	EndGlobalSection
	GlobalSection(SolutionProperties) = preSolution
		HideSolutionNode = FALSE
	EndGlobalSection
	GlobalSection(ExtensibilityGlobals) = postSolution
		SolutionGuid = {FE988751-540C-4437-9D60-AF43C36915E7}
	EndGlobalSection
EndGlobal
